
Microsoft Visual Studio Solution File, Format Version 12.00
# Visual Studio Version 17
VisualStudioVersion = 17.14.36705.20
MinimumVisualStudioVersion = 10.0.40219.1
Project("{F184B08F-C81C-45F6-A57F-5ABD9991F28F}") = "K&B Studio", "K&B Studio.vbproj", "{18F75C82-82AF-47EF-AE3C-27F14335C66D}"
EndProject
Global
	GlobalSection(SolutionConfigurationPlatforms) = preSolution
		Debug|Any CPU = Debug|Any CPU
		Debug|ARM64 = Debug|ARM64
		Debug|x64 = Debug|x64
		Debug|x86 = Debug|x86
		Release|Any CPU = Release|Any CPU
		Release|ARM64 = Release|ARM64
		Release|x64 = Release|x64
		Release|x86 = Release|x86
	EndGlobalSection
	GlobalSection(ProjectConfigurationPlatforms) = postSolution
		{18F75C82-82AF-47EF-AE3C-27F14335C66D}.Debug|Any CPU.ActiveCfg = Debug|Any CPU
		{18F75C82-82AF-47EF-AE3C-27F14335C66D}.Debug|Any CPU.Build.0 = Debug|Any CPU
		{18F75C82-82AF-47EF-AE3C-27F14335C66D}.Debug|ARM64.ActiveCfg = Debug|ARM64
		{18F75C82-82AF-47EF-AE3C-27F14335C66D}.Debug|ARM64.Build.0 = Debug|ARM64
		{18F75C82-82AF-47EF-AE3C-27F14335C66D}.Debug|x64.ActiveCfg = Debug|x64
		{18F75C82-82AF-47EF-AE3C-27F14335C66D}.Debug|x64.Build.0 = Debug|x64
		{18F75C82-82AF-47EF-AE3C-27F14335C66D}.Debug|x86.ActiveCfg = Debug|x86
		{18F75C82-82AF-47EF-AE3C-27F14335C66D}.Debug|x86.Build.0 = Debug|x86
		{18F75C82-82AF-47EF-AE3C-27F14335C66D}.Release|Any CPU.ActiveCfg = Release|Any CPU
		{18F75C82-82AF-47EF-AE3C-27F14335C66D}.Release|Any CPU.Build.0 = Release|Any CPU
		{18F75C82-82AF-47EF-AE3C-27F14335C66D}.Release|ARM64.ActiveCfg = Release|ARM64
		{18F75C82-82AF-47EF-AE3C-27F14335C66D}.Release|ARM64.Build.0 = Release|ARM64
		{18F75C82-82AF-47EF-AE3C-27F14335C66D}.Release|x64.ActiveCfg = Release|x64
		{18F75C82-82AF-47EF-AE3C-27F14335C66D}.Release|x64.Build.0 = Release|x64
		{18F75C82-82AF-47EF-AE3C-27F14335C66D}.Release|x86.ActiveCfg = Release|x86
		{18F75C82-82AF-47EF-AE3C-27F14335C66D}.Release|x86.Build.0 = Release|x86
	EndGlobalSection
	GlobalSection(SolutionProperties) = preSolution
		HideSolutionNode = FALSE
	EndGlobalSection
	GlobalSection(ExtensibilityGlobals) = postSolution
		SolutionGuid = {F11413A6-5DF8-43D9-9A2C-5B1F34E33A5A}
	EndGlobalSection
EndGlobal
